
Microsoft Visual Studio Solution File, Format Version 12.00
# Visual Studio Version 17
VisualStudioVersion = 17.14.36221.1 d17.14
MinimumVisualStudioVersion = 10.0.40219.1
Project("{FAE04EC0-301F-11D3-BF4B-00C04F79EFBC}") = "PlayMarketScraper", "PlayMarketScraper\PlayMarketScraper.csproj", "{370A4905-2DF6-4882-927B-5C206E3A75AB}"
EndProject
Global
	GlobalSection(SolutionConfigurationPlatforms) = preSolution
		Debug|Any CPU = Debug|Any CPU
		Release|Any CPU = Release|Any CPU
	EndGlobalSection
	GlobalSection(ProjectConfigurationPlatforms) = postSolution
		{370A4905-2DF6-4882-927B-5C206E3A75AB}.Debug|Any CPU.ActiveCfg = Debug|Any CPU
		{370A4905-2DF6-4882-927B-5C206E3A75AB}.Debug|Any CPU.Build.0 = Debug|Any CPU
		{370A4905-2DF6-4882-927B-5C206E3A75AB}.Release|Any CPU.ActiveCfg = Release|Any CPU
		{370A4905-2DF6-4882-927B-5C206E3A75AB}.Release|Any CPU.Build.0 = Release|Any CPU
	EndGlobalSection
	GlobalSection(SolutionProperties) = preSolution
		HideSolutionNode = FALSE
	EndGlobalSection
	GlobalSection(ExtensibilityGlobals) = postSolution
		SolutionGuid = {E060EF5D-67BF-4580-AC08-CB047A7789CC}
	EndGlobalSection
EndGlobal
